# This file is automatically @generated by Cargo.
# It is not intended for manual editing.
[[package]]
name = "cbori"
version = "0.1.0"
dependencies = [
 "fmt-extra 0.2.1 (registry+https://github.com/rust-lang/crates.io-index)",
 "hex 0.4.0 (registry+https://github.com/rust-lang/crates.io-index)",
]

[[package]]
name = "fmt-extra"
version = "0.2.1"
source = "registry+https://github.com/rust-lang/crates.io-index"

[[package]]
name = "hex"
version = "0.4.0"
source = "registry+https://github.com/rust-lang/crates.io-index"

[metadata]
"checksum fmt-extra 0.2.1 (registry+https://github.com/rust-lang/crates.io-index)" = "07f11f71b1f9be830047fbb1899d90601c3b21a471dc99fe1057303eee37f2b9"
"checksum hex 0.4.0 (registry+https://github.com/rust-lang/crates.io-index)" = "023b39be39e3a2da62a94feb433e91e8bcd37676fbc8bea371daf52b7a769a3e"
